{
  "requires": true,
  "lockfileVersion": 1,
  "dependencies": {
    "@angular/flex-layout": {
      "version": "12.0.0-beta.35",
      "resolved": "https://registry.npmjs.org/@angular/flex-layout/-/flex-layout-12.0.0-beta.35.tgz",
      "integrity": "sha512-nPi2MGDFuCacwWHqxF/G7lUJd2X99HbLjjUvKXnyLwyCIVgH1sfS52su2wYbVYWJRqAVAB2/VMlrtW8Khr8hDA==",
      "requires": {
        "tslib": "^2.1.0"
      }
    },
    "tslib": {
      "version": "2.3.1",
      "resolved": "https://registry.npmjs.org/tslib/-/tslib-2.3.1.tgz",
      "integrity": "sha512-77EbyPPpMz+FRFRuAFlWMtmgUWGe9UOG2Z25NqCwiIjRhOf5iKGuzSe5P2w1laq+FkRy4p+PCuVkJSGkzTEKVw=="
    }
  }
}
